// !$*UTF8*$!
{
	archiveVersion = 1;
	classes = {
	};
	objectVersion = 56;
	objects = {

/* Begin PBXBuildFile section */
		122FB3FE2A23560F00D9E0C4 /* AppDelegate.swift in Sources */ = {isa = PBXBuildFile; fileRef = 122FB3FD2A23560F00D9E0C4 /* AppDelegate.swift */; };
		122FB4002A23560F00D9E0C4 /* SceneDelegate.swift in Sources */ = {isa = PBXBuildFile; fileRef = 122FB3FF2A23560F00D9E0C4 /* SceneDelegate.swift */; };
		122FB4022A23560F00D9E0C4 /* ViewController.swift in Sources */ = {isa = PBXBuildFile; fileRef = 122FB4012A23560F00D9E0C4 /* ViewController.swift */; };
		122FB4052A23560F00D9E0C4 /* Main.storyboard in Resources */ = {isa = PBXBuildFile; fileRef = 122FB4032A23560F00D9E0C4 /* Main.storyboard */; };
		122FB4072A23561100D9E0C4 /* Assets.xcassets in Resources */ = {isa = PBXBuildFile; fileRef = 122FB4062A23561100D9E0C4 /* Assets.xcassets */; };
		122FB40A2A23561100D9E0C4 /* LaunchScreen.storyboard in Resources */ = {isa = PBXBuildFile; fileRef = 122FB4082A23561100D9E0C4 /* LaunchScreen.storyboard */; };
		122FB4152A23561100D9E0C4 /* CameraFilterTests.swift in Sources */ = {isa = PBXBuildFile; fileRef = 122FB4142A23561100D9E0C4 /* CameraFilterTests.swift */; };
		122FB41F2A23561100D9E0C4 /* CameraFilterUITests.swift in Sources */ = {isa = PBXBuildFile; fileRef = 122FB41E2A23561100D9E0C4 /* CameraFilterUITests.swift */; };
		122FB4212A23561100D9E0C4 /* CameraFilterUITestsLaunchTests.swift in Sources */ = {isa = PBXBuildFile; fileRef = 122FB4202A23561100D9E0C4 /* CameraFilterUITestsLaunchTests.swift */; };
/* End PBXBuildFile section */

/* Begin PBXContainerItemProxy section */
		122FB4112A23561100D9E0C4 /* PBXContainerItemProxy */ = {
			isa = PBXContainerItemProxy;
			containerPortal = 122FB3F22A23560F00D9E0C4 /* Project object */;
			proxyType = 1;
			remoteGlobalIDString = 122FB3F92A23560F00D9E0C4;
			remoteInfo = CameraFilter;
		};
		122FB41B2A23561100D9E0C4 /* PBXContainerItemProxy */ = {
			isa = PBXContainerItemProxy;
			containerPortal = 122FB3F22A23560F00D9E0C4 /* Project object */;
			proxyType = 1;
			remoteGlobalIDString = 122FB3F92A23560F00D9E0C4;
			remoteInfo = CameraFilter;
		};
/* End PBXContainerItemProxy section */

/* Begin PBXFileReference section */
		122FB3FA2A23560F00D9E0C4 /* CameraFilter.app */ = {isa = PBXFileReference; explicitFileType = wrapper.application; includeInIndex = 0; path = CameraFilter.app; sourceTree = BUILT_PRODUCTS_DIR; };
		122FB3FD2A23560F00D9E0C4 /* AppDelegate.swift */ = {isa = PBXFileReference; lastKnownFileType = sourcecode.swift; path = AppDelegate.swift; sourceTree = "<group>"; };
		122FB3FF2A23560F00D9E0C4 /* SceneDelegate.swift */ = {isa = PBXFileReference; lastKnownFileType = sourcecode.swift; path = SceneDelegate.swift; sourceTree = "<group>"; };
		122FB4012A23560F00D9E0C4 /* ViewController.swift */ = {isa = PBXFileReference; lastKnownFileType = sourcecode.swift; path = ViewController.swift; sourceTree = "<group>"; };
		122FB4042A23560F00D9E0C4 /* Base */ = {isa = PBXFileReference; lastKnownFileType = file.storyboard; name = Base; path = Base.lproj/Main.storyboard; sourceTree = "<group>"; };
		122FB4062A23561100D9E0C4 /* Assets.xcassets */ = {isa = PBXFileReference; lastKnownFileType = folder.assetcatalog; path = Assets.xcassets; sourceTree = "<group>"; };
		122FB4092A23561100D9E0C4 /* Base */ = {isa = PBXFileReference; lastKnownFileType = file.storyboard; name = Base; path = Base.lproj/LaunchScreen.storyboard; sourceTree = "<group>"; };
		122FB40B2A23561100D9E0C4 /* Info.plist */ = {isa = PBXFileReference; lastKnownFileType = text.plist.xml; path = Info.plist; sourceTree = "<group>"; };
		122FB4102A23561100D9E0C4 /* CameraFilterTests.xctest */ = {isa = PBXFileReference; explicitFileType = wrapper.cfbundle; includeInIndex = 0; path = CameraFilterTests.xctest; sourceTree = BUILT_PRODUCTS_DIR; };
		122FB4142A23561100D9E0C4 /* CameraFilterTests.swift */ = {isa = PBXFileReference; lastKnownFileType = sourcecode.swift; path = CameraFilterTests.swift; sourceTree = "<group>"; };
		122FB41A2A23561100D9E0C4 /* CameraFilterUITests.xctest */ = {isa = PBXFileReference; explicitFileType = wrapper.cfbundle; includeInIndex = 0; path = CameraFilterUITests.xctest; sourceTree = BUILT_PRODUCTS_DIR; };
		122FB41E2A23561100D9E0C4 /* CameraFilterUITests.swift */ = {isa = PBXFileReference; lastKnownFileType = sourcecode.swift; path = CameraFilterUITests.swift; sourceTree = "<group>"; };
		122FB4202A23561100D9E0C4 /* CameraFilterUITestsLaunchTests.swift */ = {isa = PBXFileReference; lastKnownFileType = sourcecode.swift; path = CameraFilterUITestsLaunchTests.swift; sourceTree = "<group>"; };
/* End PBXFileReference section */

/* Begin PBXFrameworksBuildPhase section */
		122FB3F72A23560F00D9E0C4 /* Frameworks */ = {
			isa = PBXFrameworksBuildPhase;
			buildActionMask = 2147483647;
			files = (
			);
			runOnlyForDeploymentPostprocessing = 0;
		};
		122FB40D2A23561100D9E0C4 /* Frameworks */ = {
			isa = PBXFrameworksBuildPhase;
			buildActionMask = 2147483647;
			files = (
			);
			runOnlyForDeploymentPostprocessing = 0;
		};
		122FB4172A23561100D9E0C4 /* Frameworks */ = {
			isa = PBXFrameworksBuildPhase;
			buildActionMask = 2147483647;
			files = (
			);
			runOnlyForDeploymentPostprocessing = 0;
		};
/* End PBXFrameworksBuildPhase section */

/* Begin PBXGroup section */
		122FB3F12A23560F00D9E0C4 = {
			isa = PBXGroup;
			children = (
				122FB3FC2A23560F00D9E0C4 /* CameraFilter */,
				122FB4132A23561100D9E0C4 /* CameraFilterTests */,
				122FB41D2A23561100D9E0C4 /* CameraFilterUITests */,
				122FB3FB2A23560F00D9E0C4 /* Products */,
			);
			sourceTree = "<group>";
		};
		122FB3FB2A23560F00D9E0C4 /* Products */ = {
			isa = PBXGroup;
			children = (
				122FB3FA2A23560F00D9E0C4 /* CameraFilter.app */,
				122FB4102A23561100D9E0C4 /* CameraFilterTests.xctest */,
				122FB41A2A23561100D9E0C4 /* CameraFilterUITests.xctest */,
			);
			name = Products;
			sourceTree = "<group>";
		};
		122FB3FC2A23560F00D9E0C4 /* CameraFilter */ = {
			isa = PBXGroup;
			children = (
				122FB3FD2A23560F00D9E0C4 /* AppDelegate.swift */,
				122FB3FF2A23560F00D9E0C4 /* SceneDelegate.swift */,
				122FB4012A23560F00D9E0C4 /* ViewController.swift */,
				122FB4032A23560F00D9E0C4 /* Main.storyboard */,
				122FB4062A23561100D9E0C4 /* Assets.xcassets */,
				122FB4082A23561100D9E0C4 /* LaunchScreen.storyboard */,
				122FB40B2A23561100D9E0C4 /* Info.plist */,
			);
			path = CameraFilter;
			sourceTree = "<group>";
		};
		122FB4132A23561100D9E0C4 /* CameraFilterTests */ = {
			isa = PBXGroup;
			children = (
				122FB4142A23561100D9E0C4 /* CameraFilterTests.swift */,
			);
			path = CameraFilterTests;
			sourceTree = "<group>";
		};
		122FB41D2A23561100D9E0C4 /* CameraFilterUITests */ = {
			isa = PBXGroup;
			children = (
				122FB41E2A23561100D9E0C4 /* CameraFilterUITests.swift */,
				122FB4202A23561100D9E0C4 /* CameraFilterUITestsLaunchTests.swift */,
			);
			path = CameraFilterUITests;
			sourceTree = "<group>";
		};
/* End PBXGroup section */

/* Begin PBXNativeTarget section */
		122FB3F92A23560F00D9E0C4 /* CameraFilter */ = {
			isa = PBXNativeTarget;
			buildConfigurationList = 122FB4242A23561100D9E0C4 /* Build configuration list for PBXNativeTarget "CameraFilter" */;
			buildPhases = (
				122FB3F62A23560F00D9E0C4 /* Sources */,
				122FB3F72A23560F00D9E0C4 /* Frameworks */,
				122FB3F82A23560F00D9E0C4 /* Resources */,
			);
			buildRules = (
			);
			dependencies = (
			);
			name = CameraFilter;
			productName = CameraFilter;
			productReference = 122FB3FA2A23560F00D9E0C4 /* CameraFilter.app */;
			productType = "com.apple.product-type.application";
		};
		122FB40F2A23561100D9E0C4 /* CameraFilterTests */ = {
			isa = PBXNativeTarget;
			buildConfigurationList = 122FB4272A23561100D9E0C4 /* Build configuration list for PBXNativeTarget "CameraFilterTests" */;
			buildPhases = (
				122FB40C2A23561100D9E0C4 /* Sources */,
				122FB40D2A23561100D9E0C4 /* Frameworks */,
				122FB40E2A23561100D9E0C4 /* Resources */,
			);
			buildRules = (
			);
			dependencies = (
				122FB4122A23561100D9E0C4 /* PBXTargetDependency */,
			);
			name = CameraFilterTests;
			productName = CameraFilterTests;
			productReference = 122FB4102A23561100D9E0C4 /* CameraFilterTests.xctest */;
			productType = "com.apple.product-type.bundle.unit-test";
		};
		122FB4192A23561100D9E0C4 /* CameraFilterUITests */ = {
			isa = PBXNativeTarget;
			buildConfigurationList = 122FB42A2A23561100D9E0C4 /* Build configuration list for PBXNativeTarget "CameraFilterUITests" */;
			buildPhases = (
				122FB4162A23561100D9E0C4 /* Sources */,
				122FB4172A23561100D9E0C4 /* Frameworks */,
				122FB4182A23561100D9E0C4 /* Resources */,
			);
			buildRules = (
			);
			dependencies = (
				122FB41C2A23561100D9E0C4 /* PBXTargetDependency */,
			);
			name = CameraFilterUITests;
			productName = CameraFilterUITests;
			productReference = 122FB41A2A23561100D9E0C4 /* CameraFilterUITests.xctest */;
			productType = "com.apple.product-type.bundle.ui-testing";
		};
/* End PBXNativeTarget section */

/* Begin PBXProject section */
		122FB3F22A23560F00D9E0C4 /* Project object */ = {
			isa = PBXProject;
			attributes = {
				BuildIndependentTargetsInParallel = 1;
				LastSwiftUpdateCheck = 1410;
				LastUpgradeCheck = 1410;
				TargetAttributes = {
					122FB3F92A23560F00D9E0C4 = {
						CreatedOnToolsVersion = 14.1;
					};
					122FB40F2A23561100D9E0C4 = {
						CreatedOnToolsVersion = 14.1;
						TestTargetID = 122FB3F92A23560F00D9E0C4;
					};
					122FB4192A23561100D9E0C4 = {
						CreatedOnToolsVersion = 14.1;
						TestTargetID = 122FB3F92A23560F00D9E0C4;
					};
				};
			};
			buildConfigurationList = 122FB3F52A23560F00D9E0C4 /* Build configuration list for PBXProject "CameraFilter" */;
			compatibilityVersion = "Xcode 14.0";
			developmentRegion = en;
			hasScannedForEncodings = 0;
			knownRegions = (
				en,
				Base,
			);
			mainGroup = 122FB3F12A23560F00D9E0C4;
			productRefGroup = 122FB3FB2A23560F00D9E0C4 /* Products */;
			projectDirPath = "";
			projectRoot = "";
			targets = (
				122FB3F92A23560F00D9E0C4 /* CameraFilter */,
				122FB40F2A23561100D9E0C4 /* CameraFilterTests */,
				122FB4192A23561100D9E0C4 /* CameraFilterUITests */,
			);
		};
/* End PBXProject section */

/* Begin PBXResourcesBuildPhase section */
		122FB3F82A23560F00D9E0C4 /* Resources */ = {
			isa = PBXResourcesBuildPhase;
			buildActionMask = 2147483647;
			files = (
				122FB40A2A23561100D9E0C4 /* LaunchScreen.storyboard in Resources */,
				122FB4072A23561100D9E0C4 /* Assets.xcassets in Resources */,
				122FB4052A23560F00D9E0C4 /* Main.storyboard in Resources */,
			);
			runOnlyForDeploymentPostprocessing = 0;
		};
		122FB40E2A23561100D9E0C4 /* Resources */ = {
			isa = PBXResourcesBuildPhase;
			buildActionMask = 2147483647;
			files = (
			);
			runOnlyForDeploymentPostprocessing = 0;
		};
		122FB4182A23561100D9E0C4 /* Resources */ = {
			isa = PBXResourcesBuildPhase;
			buildActionMask = 2147483647;
			files = (
			);
			runOnlyForDeploymentPostprocessing = 0;
		};
/* End PBXResourcesBuildPhase section */

/* Begin PBXSourcesBuildPhase section */
		122FB3F62A23560F00D9E0C4 /* Sources */ = {
			isa = PBXSourcesBuildPhase;
			buildActionMask = 2147483647;
			files = (
				122FB4022A23560F00D9E0C4 /* ViewController.swift in Sources */,
				122FB3FE2A23560F00D9E0C4 /* AppDelegate.swift in Sources */,
				122FB4002A23560F00D9E0C4 /* SceneDelegate.swift in Sources */,
			);
			runOnlyForDeploymentPostprocessing = 0;
		};
		122FB40C2A23561100D9E0C4 /* Sources */ = {
			isa = PBXSourcesBuildPhase;
			buildActionMask = 2147483647;
			files = (
				122FB4152A23561100D9E0C4 /* CameraFilterTests.swift in Sources */,
			);
			runOnlyForDeploymentPostprocessing = 0;
		};
		122FB4162A23561100D9E0C4 /* Sources */ = {
			isa = PBXSourcesBuildPhase;
			buildActionMask = 2147483647;
			files = (
				122FB41F2A23561100D9E0C4 /* CameraFilterUITests.swift in Sources */,
				122FB4212A23561100D9E0C4 /* CameraFilterUITestsLaunchTests.swift in Sources */,
			);
			runOnlyForDeploymentPostprocessing = 0;
		};
/* End PBXSourcesBuildPhase section */

/* Begin PBXTargetDependency section */
		122FB4122A23561100D9E0C4 /* PBXTargetDependency */ = {
			isa = PBXTargetDependency;
			target = 122FB3F92A23560F00D9E0C4 /* CameraFilter */;
			targetProxy = 122FB4112A23561100D9E0C4 /* PBXContainerItemProxy */;
		};
		122FB41C2A23561100D9E0C4 /* PBXTargetDependency */ = {
			isa = PBXTargetDependency;
			target = 122FB3F92A23560F00D9E0C4 /* CameraFilter */;
			targetProxy = 122FB41B2A23561100D9E0C4 /* PBXContainerItemProxy */;
		};
/* End PBXTargetDependency section */

/* Begin PBXVariantGroup section */
		122FB4032A23560F00D9E0C4 /* Main.storyboard */ = {
			isa = PBXVariantGroup;
			children = (
				122FB4042A23560F00D9E0C4 /* Base */,
			);
			name = Main.storyboard;
			sourceTree = "<group>";
		};
		122FB4082A23561100D9E0C4 /* LaunchScreen.storyboard */ = {
			isa = PBXVariantGroup;
			children = (
				122FB4092A23561100D9E0C4 /* Base */,
			);
			name = LaunchScreen.storyboard;
			sourceTree = "<group>";
		};
/* End PBXVariantGroup section */

/* Begin XCBuildConfiguration section */
		122FB4222A23561100D9E0C4 /* Debug */ = {
			isa = XCBuildConfiguration;
			buildSettings = {
				ALWAYS_SEARCH_USER_PATHS = NO;
				CLANG_ANALYZER_NONNULL = YES;
				CLANG_ANALYZER_NUMBER_OBJECT_CONVERSION = YES_AGGRESSIVE;
				CLANG_CXX_LANGUAGE_STANDARD = "gnu++20";
				CLANG_ENABLE_MODULES = YES;
				CLANG_ENABLE_OBJC_ARC = YES;
				CLANG_ENABLE_OBJC_WEAK = YES;
				CLANG_WARN_BLOCK_CAPTURE_AUTORELEASING = YES;
				CLANG_WARN_BOOL_CONVERSION = YES;
				CLANG_WARN_COMMA = YES;
				CLANG_WARN_CONSTANT_CONVERSION = YES;
				CLANG_WARN_DEPRECATED_OBJC_IMPLEMENTATIONS = YES;
				CLANG_WARN_DIRECT_OBJC_ISA_USAGE = YES_ERROR;
				CLANG_WARN_DOCUMENTATION_COMMENTS = YES;
				CLANG_WARN_EMPTY_BODY = YES;
				CLANG_WARN_ENUM_CONVERSION = YES;
				CLANG_WARN_INFINITE_RECURSION = YES;
				CLANG_WARN_INT_CONVERSION = YES;
				CLANG_WARN_NON_LITERAL_NULL_CONVERSION = YES;
				CLANG_WARN_OBJC_IMPLICIT_RETAIN_SELF = YES;
				CLANG_WARN_OBJC_LITERAL_CONVERSION = YES;
				CLANG_WARN_OBJC_ROOT_CLASS = YES_ERROR;
				CLANG_WARN_QUOTED_INCLUDE_IN_FRAMEWORK_HEADER = YES;
				CLANG_WARN_RANGE_LOOP_ANALYSIS = YES;
				CLANG_WARN_STRICT_PROTOTYPES = YES;
				CLANG_WARN_SUSPICIOUS_MOVE = YES;
				CLANG_WARN_UNGUARDED_AVAILABILITY = YES_AGGRESSIVE;
				CLANG_WARN_UNREACHABLE_CODE = YES;
				CLANG_WARN__DUPLICATE_METHOD_MATCH = YES;
				COPY_PHASE_STRIP = NO;
				DEBUG_INFORMATION_FORMAT = dwarf;
				ENABLE_STRICT_OBJC_MSGSEND = YES;
				ENABLE_TESTABILITY = YES;
				GCC_C_LANGUAGE_STANDARD = gnu11;
				GCC_DYNAMIC_NO_PIC = NO;
				GCC_NO_COMMON_BLOCKS = YES;
				GCC_OPTIMIZATION_LEVEL = 0;
				GCC_PREPROCESSOR_DEFINITIONS = (
					"DEBUG=1",
					"$(inherited)",
				);
				GCC_WARN_64_TO_32_BIT_CONVERSION = YES;
				GCC_WARN_ABOUT_RETURN_TYPE = YES_ERROR;
				GCC_WARN_UNDECLARED_SELECTOR = YES;
				GCC_WARN_UNINITIALIZED_AUTOS = YES_AGGRESSIVE;
				GCC_WARN_UNUSED_FUNCTION = YES;
				GCC_WARN_UNUSED_VARIABLE = YES;
				IPHONEOS_DEPLOYMENT_TARGET = 16.1;
				MTL_ENABLE_DEBUG_INFO = INCLUDE_SOURCE;
				MTL_FAST_MATH = YES;
				ONLY_ACTIVE_ARCH = YES;
				SDKROOT = iphoneos;
				SWIFT_ACTIVE_COMPILATION_CONDITIONS = DEBUG;
				SWIFT_OPTIMIZATION_LEVEL = "-Onone";
			};
			name = Debug;
		};
		122FB4232A23561100D9E0C4 /* Release */ = {
			isa = XCBuildConfiguration;
			buildSettings = {
				ALWAYS_SEARCH_USER_PATHS = NO;
				CLANG_ANALYZER_NONNULL = YES;
				CLANG_ANALYZER_NUMBER_OBJECT_CONVERSION = YES_AGGRESSIVE;
				CLANG_CXX_LANGUAGE_STANDARD = "gnu++20";
				CLANG_ENABLE_MODULES = YES;
				CLANG_ENABLE_OBJC_ARC = YES;
				CLANG_ENABLE_OBJC_WEAK = YES;
				CLANG_WARN_BLOCK_CAPTURE_AUTORELEASING = YES;
				CLANG_WARN_BOOL_CONVERSION = YES;
				CLANG_WARN_COMMA = YES;
				CLANG_WARN_CONSTANT_CONVERSION = YES;
				CLANG_WARN_DEPRECATED_OBJC_IMPLEMENTATIONS = YES;
				CLANG_WARN_DIRECT_OBJC_ISA_USAGE = YES_ERROR;
				CLANG_WARN_DOCUMENTATION_COMMENTS = YES;
				CLANG_WARN_EMPTY_BODY = YES;
				CLANG_WARN_ENUM_CONVERSION = YES;
				CLANG_WARN_INFINITE_RECURSION = YES;
				CLANG_WARN_INT_CONVERSION = YES;
				CLANG_WARN_NON_LITERAL_NULL_CONVERSION = YES;
				CLANG_WARN_OBJC_IMPLICIT_RETAIN_SELF = YES;
				CLANG_WARN_OBJC_LITERAL_CONVERSION = YES;
				CLANG_WARN_OBJC_ROOT_CLASS = YES_ERROR;
				CLANG_WARN_QUOTED_INCLUDE_IN_FRAMEWORK_HEADER = YES;
				CLANG_WARN_RANGE_LOOP_ANALYSIS = YES;
				CLANG_WARN_STRICT_PROTOTYPES = YES;
				CLANG_WARN_SUSPICIOUS_MOVE = YES;
				CLANG_WARN_UNGUARDED_AVAILABILITY = YES_AGGRESSIVE;
				CLANG_WARN_UNREACHABLE_CODE = YES;
				CLANG_WARN__DUPLICATE_METHOD_MATCH = YES;
				COPY_PHASE_STRIP = NO;
				DEBUG_INFORMATION_FORMAT = "dwarf-with-dsym";
				ENABLE_NS_ASSERTIONS = NO;
				ENABLE_STRICT_OBJC_MSGSEND = YES;
				GCC_C_LANGUAGE_STANDARD = gnu11;
				GCC_NO_COMMON_BLOCKS = YES;
				GCC_WARN_64_TO_32_BIT_CONVERSION = YES;
				GCC_WARN_ABOUT_RETURN_TYPE = YES_ERROR;
				GCC_WARN_UNDECLARED_SELECTOR = YES;
				GCC_WARN_UNINITIALIZED_AUTOS = YES_AGGRESSIVE;
				GCC_WARN_UNUSED_FUNCTION = YES;
				GCC_WARN_UNUSED_VARIABLE = YES;
				IPHONEOS_DEPLOYMENT_TARGET = 16.1;
				MTL_ENABLE_DEBUG_INFO = NO;
				MTL_FAST_MATH = YES;
				SDKROOT = iphoneos;
				SWIFT_COMPILATION_MODE = wholemodule;
				SWIFT_OPTIMIZATION_LEVEL = "-O";
				VALIDATE_PRODUCT = YES;
			};
			name = Release;
		};
		122FB4252A23561100D9E0C4 /* Debug */ = {
			isa = XCBuildConfiguration;
			buildSettings = {
				ASSETCATALOG_COMPILER_APPICON_NAME = AppIcon;
				ASSETCATALOG_COMPILER_GLOBAL_ACCENT_COLOR_NAME = AccentColor;
				CODE_SIGN_STYLE = Automatic;
				CURRENT_PROJECT_VERSION = 1;
				DEVELOPMENT_TEAM = DH7KJY6JNQ;
				GENERATE_INFOPLIST_FILE = YES;
				INFOPLIST_FILE = CameraFilter/Info.plist;
				INFOPLIST_KEY_UIApplicationSupportsIndirectInputEvents = YES;
				INFOPLIST_KEY_UILaunchStoryboardName = LaunchScreen;
				INFOPLIST_KEY_UIMainStoryboardFile = Main;
				INFOPLIST_KEY_UISupportedInterfaceOrientations_iPad = "UIInterfaceOrientationPortrait UIInterfaceOrientationPortraitUpsideDown UIInterfaceOrientationLandscapeLeft UIInterfaceOrientationLandscapeRight";
				INFOPLIST_KEY_UISupportedInterfaceOrientations_iPhone = "UIInterfaceOrientationPortrait UIInterfaceOrientationLandscapeLeft UIInterfaceOrientationLandscapeRight";
				LD_RUNPATH_SEARCH_PATHS = (
					"$(inherited)",
					"@executable_path/Frameworks",
				);
				MARKETING_VERSION = 1.0;
				PRODUCT_BUNDLE_IDENTIFIER = com.geanatoliy.CameraFilter;
				PRODUCT_NAME = "$(TARGET_NAME)";
				SWIFT_EMIT_LOC_STRINGS = YES;
				SWIFT_VERSION = 5.0;
				TARGETED_DEVICE_FAMILY = "1,2";
			};
			name = Debug;
		};
		122FB4262A23561100D9E0C4 /* Release */ = {
			isa = XCBuildConfiguration;
			buildSettings = {
				ASSETCATALOG_COMPILER_APPICON_NAME = AppIcon;
				ASSETCATALOG_COMPILER_GLOBAL_ACCENT_COLOR_NAME = AccentColor;
				CODE_SIGN_STYLE = Automatic;
				CURRENT_PROJECT_VERSION = 1;
				DEVELOPMENT_TEAM = DH7KJY6JNQ;
				GENERATE_INFOPLIST_FILE = YES;
				INFOPLIST_FILE = CameraFilter/Info.plist;
				INFOPLIST_KEY_UIApplicationSupportsIndirectInputEvents = YES;
				INFOPLIST_KEY_UILaunchStoryboardName = LaunchScreen;
				INFOPLIST_KEY_UIMainStoryboardFile = Main;
				INFOPLIST_KEY_UISupportedInterfaceOrientations_iPad = "UIInterfaceOrientationPortrait UIInterfaceOrientationPortraitUpsideDown UIInterfaceOrientationLandscapeLeft UIInterfaceOrientationLandscapeRight";
				INFOPLIST_KEY_UISupportedInterfaceOrientations_iPhone = "UIInterfaceOrientationPortrait UIInterfaceOrientationLandscapeLeft UIInterfaceOrientationLandscapeRight";
				LD_RUNPATH_SEARCH_PATHS = (
					"$(inherited)",
					"@executable_path/Frameworks",
				);
				MARKETING_VERSION = 1.0;
				PRODUCT_BUNDLE_IDENTIFIER = com.geanatoliy.CameraFilter;
				PRODUCT_NAME = "$(TARGET_NAME)";
				SWIFT_EMIT_LOC_STRINGS = YES;
				SWIFT_VERSION = 5.0;
				TARGETED_DEVICE_FAMILY = "1,2";
			};
			name = Release;
		};
		122FB4282A23561100D9E0C4 /* Debug */ = {
			isa = XCBuildConfiguration;
			buildSettings = {
				ALWAYS_EMBED_SWIFT_STANDARD_LIBRARIES = YES;
				BUNDLE_LOADER = "$(TEST_HOST)";
				CODE_SIGN_STYLE = Automatic;
				CURRENT_PROJECT_VERSION = 1;
				DEVELOPMENT_TEAM = DH7KJY6JNQ;
				GENERATE_INFOPLIST_FILE = YES;
				IPHONEOS_DEPLOYMENT_TARGET = 16.1;
				MARKETING_VERSION = 1.0;
				PRODUCT_BUNDLE_IDENTIFIER = com.geanatoliy.CameraFilterTests;
				PRODUCT_NAME = "$(TARGET_NAME)";
				SWIFT_EMIT_LOC_STRINGS = NO;
				SWIFT_VERSION = 5.0;
				TARGETED_DEVICE_FAMILY = "1,2";
				TEST_HOST = "$(BUILT_PRODUCTS_DIR)/CameraFilter.app/$(BUNDLE_EXECUTABLE_FOLDER_PATH)/CameraFilter";
			};
			name = Debug;
		};
		122FB4292A23561100D9E0C4 /* Release */ = {
			isa = XCBuildConfiguration;
			buildSettings = {
				ALWAYS_EMBED_SWIFT_STANDARD_LIBRARIES = YES;
				BUNDLE_LOADER = "$(TEST_HOST)";
				CODE_SIGN_STYLE = Automatic;
				CURRENT_PROJECT_VERSION = 1;
				DEVELOPMENT_TEAM = DH7KJY6JNQ;
				GENERATE_INFOPLIST_FILE = YES;
				IPHONEOS_DEPLOYMENT_TARGET = 16.1;
				MARKETING_VERSION = 1.0;
				PRODUCT_BUNDLE_IDENTIFIER = com.geanatoliy.CameraFilterTests;
				PRODUCT_NAME = "$(TARGET_NAME)";
				SWIFT_EMIT_LOC_STRINGS = NO;
				SWIFT_VERSION = 5.0;
				TARGETED_DEVICE_FAMILY = "1,2";
				TEST_HOST = "$(BUILT_PRODUCTS_DIR)/CameraFilter.app/$(BUNDLE_EXECUTABLE_FOLDER_PATH)/CameraFilter";
			};
			name = Release;
		};
		122FB42B2A23561100D9E0C4 /* Debug */ = {
			isa = XCBuildConfiguration;
			buildSettings = {
				ALWAYS_EMBED_SWIFT_STANDARD_LIBRARIES = YES;
				CODE_SIGN_STYLE = Automatic;
				CURRENT_PROJECT_VERSION = 1;
				DEVELOPMENT_TEAM = DH7KJY6JNQ;
				GENERATE_INFOPLIST_FILE = YES;
				MARKETING_VERSION = 1.0;
				PRODUCT_BUNDLE_IDENTIFIER = com.geanatoliy.CameraFilterUITests;
				PRODUCT_NAME = "$(TARGET_NAME)";
				SWIFT_EMIT_LOC_STRINGS = NO;
				SWIFT_VERSION = 5.0;
				TARGETED_DEVICE_FAMILY = "1,2";
				TEST_TARGET_NAME = CameraFilter;
			};
			name = Debug;
		};
		122FB42C2A23561100D9E0C4 /* Release */ = {
			isa = XCBuildConfiguration;
			buildSettings = {
				ALWAYS_EMBED_SWIFT_STANDARD_LIBRARIES = YES;
				CODE_SIGN_STYLE = Automatic;
				CURRENT_PROJECT_VERSION = 1;
				DEVELOPMENT_TEAM = DH7KJY6JNQ;
				GENERATE_INFOPLIST_FILE = YES;
				MARKETING_VERSION = 1.0;
				PRODUCT_BUNDLE_IDENTIFIER = com.geanatoliy.CameraFilterUITests;
				PRODUCT_NAME = "$(TARGET_NAME)";
				SWIFT_EMIT_LOC_STRINGS = NO;
				SWIFT_VERSION = 5.0;
				TARGETED_DEVICE_FAMILY = "1,2";
				TEST_TARGET_NAME = CameraFilter;
			};
			name = Release;
		};
/* End XCBuildConfiguration section */

/* Begin XCConfigurationList section */
		122FB3F52A23560F00D9E0C4 /* Build configuration list for PBXProject "CameraFilter" */ = {
			isa = XCConfigurationList;
			buildConfigurations = (
				122FB4222A23561100D9E0C4 /* Debug */,
				122FB4232A23561100D9E0C4 /* Release */,
			);
			defaultConfigurationIsVisible = 0;
			defaultConfigurationName = Release;
		};
		122FB4242A23561100D9E0C4 /* Build configuration list for PBXNativeTarget "CameraFilter" */ = {
			isa = XCConfigurationList;
			buildConfigurations = (
				122FB4252A23561100D9E0C4 /* Debug */,
				122FB4262A23561100D9E0C4 /* Release */,
			);
			defaultConfigurationIsVisible = 0;
			defaultConfigurationName = Release;
		};
		122FB4272A23561100D9E0C4 /* Build configuration list for PBXNativeTarget "CameraFilterTests" */ = {
			isa = XCConfigurationList;
			buildConfigurations = (
				122FB4282A23561100D9E0C4 /* Debug */,
				122FB4292A23561100D9E0C4 /* Release */,
			);
			defaultConfigurationIsVisible = 0;
			defaultConfigurationName = Release;
		};
		122FB42A2A23561100D9E0C4 /* Build configuration list for PBXNativeTarget "CameraFilterUITests" */ = {
			isa = XCConfigurationList;
			buildConfigurations = (
				122FB42B2A23561100D9E0C4 /* Debug */,
				122FB42C2A23561100D9E0C4 /* Release */,
			);
			defaultConfigurationIsVisible = 0;
			defaultConfigurationName = Release;
		};
/* End XCConfigurationList section */
	};
	rootObject = 122FB3F22A23560F00D9E0C4 /* Project object */;
}
